// !$*UTF8*$!
{
	archiveVersion = 1;
	classes = {
	};
	objectVersion = 50;
	objects = {

/* Begin PBXBuildFile section */
		33FEDEBA258F552300679218 /* AppDelegate.swift in Sources */ = {isa = PBXBuildFile; fileRef = 33FEDEB9258F552300679218 /* AppDelegate.swift */; };
		33FEDEC3258F552700679218 /* Assets.xcassets in Resources */ = {isa = PBXBuildFile; fileRef = 33FEDEC2258F552700679218 /* Assets.xcassets */; };
		33FEDEC6258F552700679218 /* LaunchScreen.storyboard in Resources */ = {isa = PBXBuildFile; fileRef = 33FEDEC4258F552700679218 /* LaunchScreen.storyboard */; };
		83D6C10A87221EBC595670B0 /* Pods_Electrolux.framework in Frameworks */ = {isa = PBXBuildFile; fileRef = BE57C8ECFC9D460F4D35E0BC /* Pods_Electrolux.framework */; };
/* End PBXBuildFile section */

/* Begin PBXFileReference section */
		0BBAFF59E8410C6F80AF2AE1 /* Pods-Electrolux.debug.xcconfig */ = {isa = PBXFileReference; includeInIndex = 1; lastKnownFileType = text.xcconfig; name = "Pods-Electrolux.debug.xcconfig"; path = "Target Support Files/Pods-Electrolux/Pods-Electrolux.debug.xcconfig"; sourceTree = "<group>"; };
		33FEDEB6258F552300679218 /* Electrolux.app */ = {isa = PBXFileReference; explicitFileType = wrapper.application; includeInIndex = 0; path = Electrolux.app; sourceTree = BUILT_PRODUCTS_DIR; };
		33FEDEB9258F552300679218 /* AppDelegate.swift */ = {isa = PBXFileReference; lastKnownFileType = sourcecode.swift; path = AppDelegate.swift; sourceTree = "<group>"; };
		33FEDEC2258F552700679218 /* Assets.xcassets */ = {isa = PBXFileReference; lastKnownFileType = folder.assetcatalog; path = Assets.xcassets; sourceTree = "<group>"; };
		33FEDEC5258F552700679218 /* Base */ = {isa = PBXFileReference; lastKnownFileType = file.storyboard; name = Base; path = Base.lproj/LaunchScreen.storyboard; sourceTree = "<group>"; };
		33FEDEC7258F552700679218 /* Info.plist */ = {isa = PBXFileReference; lastKnownFileType = text.plist.xml; path = Info.plist; sourceTree = "<group>"; };
		BE57C8ECFC9D460F4D35E0BC /* Pods_Electrolux.framework */ = {isa = PBXFileReference; explicitFileType = wrapper.framework; includeInIndex = 0; path = Pods_Electrolux.framework; sourceTree = BUILT_PRODUCTS_DIR; };
		F815BA24782C26D30AF77068 /* Pods-Electrolux.release.xcconfig */ = {isa = PBXFileReference; includeInIndex = 1; lastKnownFileType = text.xcconfig; name = "Pods-Electrolux.release.xcconfig"; path = "Target Support Files/Pods-Electrolux/Pods-Electrolux.release.xcconfig"; sourceTree = "<group>"; };
/* End PBXFileReference section */

/* Begin PBXFrameworksBuildPhase section */
		33FEDEB3258F552300679218 /* Frameworks */ = {
			isa = PBXFrameworksBuildPhase;
			buildActionMask = 2147483647;
			files = (
				83D6C10A87221EBC595670B0 /* Pods_Electrolux.framework in Frameworks */,
			);
			runOnlyForDeploymentPostprocessing = 0;
		};
/* End PBXFrameworksBuildPhase section */

/* Begin PBXGroup section */
		33FEDEAD258F552200679218 = {
			isa = PBXGroup;
			children = (
				33FEDF02258F5B4300679218 /* Electrolux */,
				33FEDEB7258F552300679218 /* Products */,
				C507924C450102B10B83CC93 /* Pods */,
				4E663C86D12AF5B24770CD4A /* Frameworks */,
			);
			sourceTree = "<group>";
		};
		33FEDEB7258F552300679218 /* Products */ = {
			isa = PBXGroup;
			children = (
				33FEDEB6258F552300679218 /* Electrolux.app */,
			);
			name = Products;
			sourceTree = "<group>";
		};
		33FEDEF7258F5A4000679218 /* Storyboards */ = {
			isa = PBXGroup;
			children = (
				33FEDEC4258F552700679218 /* LaunchScreen.storyboard */,
			);
			path = Storyboards;
			sourceTree = "<group>";
		};
		33FEDEF8258F5A4B00679218 /* Supporting files */ = {
			isa = PBXGroup;
			children = (
				33FEDEB9258F552300679218 /* AppDelegate.swift */,
				33FEDEC7258F552700679218 /* Info.plist */,
			);
			path = "Supporting files";
			sourceTree = "<group>";
		};
		33FEDEFB258F5A9C00679218 /* Resources */ = {
			isa = PBXGroup;
			children = (
				33FEDEC2258F552700679218 /* Assets.xcassets */,
			);
			path = Resources;
			sourceTree = "<group>";
		};
		33FEDEFC258F5AA600679218 /* PresentationLayer */ = {
			isa = PBXGroup;
			children = (
			);
			path = PresentationLayer;
			sourceTree = "<group>";
		};
		33FEDEFD258F5AB100679218 /* ServiceLayer */ = {
			isa = PBXGroup;
			children = (
			);
			path = ServiceLayer;
			sourceTree = "<group>";
		};
		33FEDF01258F5AF100679218 /* Extensions */ = {
			isa = PBXGroup;
			children = (
			);
			path = Extensions;
			sourceTree = "<group>";
		};
		33FEDF02258F5B4300679218 /* Electrolux */ = {
			isa = PBXGroup;
			children = (
				33FEDEFB258F5A9C00679218 /* Resources */,
				33FEDEF7258F5A4000679218 /* Storyboards */,
				33FEDEFC258F5AA600679218 /* PresentationLayer */,
				33FEDEFD258F5AB100679218 /* ServiceLayer */,
				33FEDF01258F5AF100679218 /* Extensions */,
				33FEDEF8258F5A4B00679218 /* Supporting files */,
			);
			path = Electrolux;
			sourceTree = "<group>";
		};
		4E663C86D12AF5B24770CD4A /* Frameworks */ = {
			isa = PBXGroup;
			children = (
				BE57C8ECFC9D460F4D35E0BC /* Pods_Electrolux.framework */,
			);
			name = Frameworks;
			sourceTree = "<group>";
		};
		C507924C450102B10B83CC93 /* Pods */ = {
			isa = PBXGroup;
			children = (
				0BBAFF59E8410C6F80AF2AE1 /* Pods-Electrolux.debug.xcconfig */,
				F815BA24782C26D30AF77068 /* Pods-Electrolux.release.xcconfig */,
			);
			name = Pods;
			path = Pods;
			sourceTree = "<group>";
		};
/* End PBXGroup section */

/* Begin PBXNativeTarget section */
		33FEDEB5258F552300679218 /* Electrolux */ = {
			isa = PBXNativeTarget;
			buildConfigurationList = 33FEDEE0258F552700679218 /* Build configuration list for PBXNativeTarget "Electrolux" */;
			buildPhases = (
				AB9E1260CD2D0186F23848B5 /* [CP] Check Pods Manifest.lock */,
				33FEDEB2258F552300679218 /* Sources */,
				33FEDEB3258F552300679218 /* Frameworks */,
				33FEDEB4258F552300679218 /* Resources */,
				0CDC58FC6CFD365C36F38EF6 /* [CP] Embed Pods Frameworks */,
			);
			buildRules = (
			);
			dependencies = (
			);
			name = Electrolux;
			productName = Electrolux;
			productReference = 33FEDEB6258F552300679218 /* Electrolux.app */;
			productType = "com.apple.product-type.application";
		};
/* End PBXNativeTarget section */

/* Begin PBXProject section */
		33FEDEAE258F552200679218 /* Project object */ = {
			isa = PBXProject;
			attributes = {
				LastSwiftUpdateCheck = 1230;
				LastUpgradeCheck = 1230;
				TargetAttributes = {
					33FEDEB5258F552300679218 = {
						CreatedOnToolsVersion = 12.3;
					};
				};
			};
			buildConfigurationList = 33FEDEB1258F552200679218 /* Build configuration list for PBXProject "Electrolux" */;
			compatibilityVersion = "Xcode 9.3";
			developmentRegion = en;
			hasScannedForEncodings = 0;
			knownRegions = (
				en,
				Base,
			);
			mainGroup = 33FEDEAD258F552200679218;
			productRefGroup = 33FEDEB7258F552300679218 /* Products */;
			projectDirPath = "";
			projectRoot = "";
			targets = (
				33FEDEB5258F552300679218 /* Electrolux */,
			);
		};
/* End PBXProject section */

/* Begin PBXResourcesBuildPhase section */
		33FEDEB4258F552300679218 /* Resources */ = {
			isa = PBXResourcesBuildPhase;
			buildActionMask = 2147483647;
			files = (
				33FEDEC6258F552700679218 /* LaunchScreen.storyboard in Resources */,
				33FEDEC3258F552700679218 /* Assets.xcassets in Resources */,
			);
			runOnlyForDeploymentPostprocessing = 0;
		};
/* End PBXResourcesBuildPhase section */

/* Begin PBXShellScriptBuildPhase section */
		0CDC58FC6CFD365C36F38EF6 /* [CP] Embed Pods Frameworks */ = {
			isa = PBXShellScriptBuildPhase;
			buildActionMask = 2147483647;
			files = (
			);
			inputFileListPaths = (
				"${PODS_ROOT}/Target Support Files/Pods-Electrolux/Pods-Electrolux-frameworks-${CONFIGURATION}-input-files.xcfilelist",
			);
			name = "[CP] Embed Pods Frameworks";
			outputFileListPaths = (
				"${PODS_ROOT}/Target Support Files/Pods-Electrolux/Pods-Electrolux-frameworks-${CONFIGURATION}-output-files.xcfilelist",
			);
			runOnlyForDeploymentPostprocessing = 0;
			shellPath = /bin/sh;
			shellScript = "\"${PODS_ROOT}/Target Support Files/Pods-Electrolux/Pods-Electrolux-frameworks.sh\"\n";
			showEnvVarsInLog = 0;
		};
		AB9E1260CD2D0186F23848B5 /* [CP] Check Pods Manifest.lock */ = {
			isa = PBXShellScriptBuildPhase;
			buildActionMask = 2147483647;
			files = (
			);
			inputFileListPaths = (
			);
			inputPaths = (
				"${PODS_PODFILE_DIR_PATH}/Podfile.lock",
				"${PODS_ROOT}/Manifest.lock",
			);
			name = "[CP] Check Pods Manifest.lock";
			outputFileListPaths = (
			);
			outputPaths = (
				"$(DERIVED_FILE_DIR)/Pods-Electrolux-checkManifestLockResult.txt",
			);
			runOnlyForDeploymentPostprocessing = 0;
			shellPath = /bin/sh;
			shellScript = "diff \"${PODS_PODFILE_DIR_PATH}/Podfile.lock\" \"${PODS_ROOT}/Manifest.lock\" > /dev/null\nif [ $? != 0 ] ; then\n    # print error to STDERR\n    echo \"error: The sandbox is not in sync with the Podfile.lock. Run 'pod install' or update your CocoaPods installation.\" >&2\n    exit 1\nfi\n# This output is used by Xcode 'outputs' to avoid re-running this script phase.\necho \"SUCCESS\" > \"${SCRIPT_OUTPUT_FILE_0}\"\n";
			showEnvVarsInLog = 0;
		};
/* End PBXShellScriptBuildPhase section */

/* Begin PBXSourcesBuildPhase section */
		33FEDEB2258F552300679218 /* Sources */ = {
			isa = PBXSourcesBuildPhase;
			buildActionMask = 2147483647;
			files = (
				33FEDEBA258F552300679218 /* AppDelegate.swift in Sources */,
			);
			runOnlyForDeploymentPostprocessing = 0;
		};
/* End PBXSourcesBuildPhase section */

/* Begin PBXVariantGroup section */
		33FEDEC4258F552700679218 /* LaunchScreen.storyboard */ = {
			isa = PBXVariantGroup;
			children = (
				33FEDEC5258F552700679218 /* Base */,
			);
			name = LaunchScreen.storyboard;
			sourceTree = "<group>";
		};
/* End PBXVariantGroup section */

/* Begin XCBuildConfiguration section */
		33FEDEDE258F552700679218 /* Debug */ = {
			isa = XCBuildConfiguration;
			buildSettings = {
				ALWAYS_SEARCH_USER_PATHS = NO;
				CLANG_ANALYZER_NONNULL = YES;
				CLANG_ANALYZER_NUMBER_OBJECT_CONVERSION = YES_AGGRESSIVE;
				CLANG_CXX_LANGUAGE_STANDARD = "gnu++14";
				CLANG_CXX_LIBRARY = "libc++";
				CLANG_ENABLE_MODULES = YES;
				CLANG_ENABLE_OBJC_ARC = YES;
				CLANG_ENABLE_OBJC_WEAK = YES;
				CLANG_WARN_BLOCK_CAPTURE_AUTORELEASING = YES;
				CLANG_WARN_BOOL_CONVERSION = YES;
				CLANG_WARN_COMMA = YES;
				CLANG_WARN_CONSTANT_CONVERSION = YES;
				CLANG_WARN_DEPRECATED_OBJC_IMPLEMENTATIONS = YES;
				CLANG_WARN_DIRECT_OBJC_ISA_USAGE = YES_ERROR;
				CLANG_WARN_DOCUMENTATION_COMMENTS = YES;
				CLANG_WARN_EMPTY_BODY = YES;
				CLANG_WARN_ENUM_CONVERSION = YES;
				CLANG_WARN_INFINITE_RECURSION = YES;
				CLANG_WARN_INT_CONVERSION = YES;
				CLANG_WARN_NON_LITERAL_NULL_CONVERSION = YES;
				CLANG_WARN_OBJC_IMPLICIT_RETAIN_SELF = YES;
				CLANG_WARN_OBJC_LITERAL_CONVERSION = YES;
				CLANG_WARN_OBJC_ROOT_CLASS = YES_ERROR;
				CLANG_WARN_QUOTED_INCLUDE_IN_FRAMEWORK_HEADER = YES;
				CLANG_WARN_RANGE_LOOP_ANALYSIS = YES;
				CLANG_WARN_STRICT_PROTOTYPES = YES;
				CLANG_WARN_SUSPICIOUS_MOVE = YES;
				CLANG_WARN_UNGUARDED_AVAILABILITY = YES_AGGRESSIVE;
				CLANG_WARN_UNREACHABLE_CODE = YES;
				CLANG_WARN__DUPLICATE_METHOD_MATCH = YES;
				COPY_PHASE_STRIP = NO;
				DEBUG_INFORMATION_FORMAT = dwarf;
				ENABLE_STRICT_OBJC_MSGSEND = YES;
				ENABLE_TESTABILITY = YES;
				GCC_C_LANGUAGE_STANDARD = gnu11;
				GCC_DYNAMIC_NO_PIC = NO;
				GCC_NO_COMMON_BLOCKS = YES;
				GCC_OPTIMIZATION_LEVEL = 0;
				GCC_PREPROCESSOR_DEFINITIONS = (
					"DEBUG=1",
					"$(inherited)",
				);
				GCC_WARN_64_TO_32_BIT_CONVERSION = YES;
				GCC_WARN_ABOUT_RETURN_TYPE = YES_ERROR;
				GCC_WARN_UNDECLARED_SELECTOR = YES;
				GCC_WARN_UNINITIALIZED_AUTOS = YES_AGGRESSIVE;
				GCC_WARN_UNUSED_FUNCTION = YES;
				GCC_WARN_UNUSED_VARIABLE = YES;
				IPHONEOS_DEPLOYMENT_TARGET = 12.0;
				MTL_ENABLE_DEBUG_INFO = INCLUDE_SOURCE;
				MTL_FAST_MATH = YES;
				ONLY_ACTIVE_ARCH = YES;
				SDKROOT = iphoneos;
				SWIFT_ACTIVE_COMPILATION_CONDITIONS = DEBUG;
				SWIFT_OPTIMIZATION_LEVEL = "-Onone";
			};
			name = Debug;
		};
		33FEDEDF258F552700679218 /* Release */ = {
			isa = XCBuildConfiguration;
			buildSettings = {
				ALWAYS_SEARCH_USER_PATHS = NO;
				CLANG_ANALYZER_NONNULL = YES;
				CLANG_ANALYZER_NUMBER_OBJECT_CONVERSION = YES_AGGRESSIVE;
				CLANG_CXX_LANGUAGE_STANDARD = "gnu++14";
				CLANG_CXX_LIBRARY = "libc++";
				CLANG_ENABLE_MODULES = YES;
				CLANG_ENABLE_OBJC_ARC = YES;
				CLANG_ENABLE_OBJC_WEAK = YES;
				CLANG_WARN_BLOCK_CAPTURE_AUTORELEASING = YES;
				CLANG_WARN_BOOL_CONVERSION = YES;
				CLANG_WARN_COMMA = YES;
				CLANG_WARN_CONSTANT_CONVERSION = YES;
				CLANG_WARN_DEPRECATED_OBJC_IMPLEMENTATIONS = YES;
				CLANG_WARN_DIRECT_OBJC_ISA_USAGE = YES_ERROR;
				CLANG_WARN_DOCUMENTATION_COMMENTS = YES;
				CLANG_WARN_EMPTY_BODY = YES;
				CLANG_WARN_ENUM_CONVERSION = YES;
				CLANG_WARN_INFINITE_RECURSION = YES;
				CLANG_WARN_INT_CONVERSION = YES;
				CLANG_WARN_NON_LITERAL_NULL_CONVERSION = YES;
				CLANG_WARN_OBJC_IMPLICIT_RETAIN_SELF = YES;
				CLANG_WARN_OBJC_LITERAL_CONVERSION = YES;
				CLANG_WARN_OBJC_ROOT_CLASS = YES_ERROR;
				CLANG_WARN_QUOTED_INCLUDE_IN_FRAMEWORK_HEADER = YES;
				CLANG_WARN_RANGE_LOOP_ANALYSIS = YES;
				CLANG_WARN_STRICT_PROTOTYPES = YES;
				CLANG_WARN_SUSPICIOUS_MOVE = YES;
				CLANG_WARN_UNGUARDED_AVAILABILITY = YES_AGGRESSIVE;
				CLANG_WARN_UNREACHABLE_CODE = YES;
				CLANG_WARN__DUPLICATE_METHOD_MATCH = YES;
				COPY_PHASE_STRIP = NO;
				DEBUG_INFORMATION_FORMAT = "dwarf-with-dsym";
				ENABLE_NS_ASSERTIONS = NO;
				ENABLE_STRICT_OBJC_MSGSEND = YES;
				GCC_C_LANGUAGE_STANDARD = gnu11;
				GCC_NO_COMMON_BLOCKS = YES;
				GCC_WARN_64_TO_32_BIT_CONVERSION = YES;
				GCC_WARN_ABOUT_RETURN_TYPE = YES_ERROR;
				GCC_WARN_UNDECLARED_SELECTOR = YES;
				GCC_WARN_UNINITIALIZED_AUTOS = YES_AGGRESSIVE;
				GCC_WARN_UNUSED_FUNCTION = YES;
				GCC_WARN_UNUSED_VARIABLE = YES;
				IPHONEOS_DEPLOYMENT_TARGET = 12.0;
				MTL_ENABLE_DEBUG_INFO = NO;
				MTL_FAST_MATH = YES;
				SDKROOT = iphoneos;
				SWIFT_COMPILATION_MODE = wholemodule;
				SWIFT_OPTIMIZATION_LEVEL = "-O";
				VALIDATE_PRODUCT = YES;
			};
			name = Release;
		};
		33FEDEE1258F552700679218 /* Debug */ = {
			isa = XCBuildConfiguration;
			baseConfigurationReference = 0BBAFF59E8410C6F80AF2AE1 /* Pods-Electrolux.debug.xcconfig */;
			buildSettings = {
				ASSETCATALOG_COMPILER_APPICON_NAME = AppIcon;
				ASSETCATALOG_COMPILER_GLOBAL_ACCENT_COLOR_NAME = AccentColor;
				CODE_SIGN_STYLE = Automatic;
				DEVELOPMENT_TEAM = AQL4937GS7;
				INFOPLIST_FILE = Electrolux/Info.plist;
				IPHONEOS_DEPLOYMENT_TARGET = 12.0;
				LD_RUNPATH_SEARCH_PATHS = (
					"$(inherited)",
					"@executable_path/Frameworks",
				);
				PRODUCT_BUNDLE_IDENTIFIER = ru.electrolux.Electrolux;
				PRODUCT_NAME = "$(TARGET_NAME)";
				SWIFT_VERSION = 5.0;
				TARGETED_DEVICE_FAMILY = "1,2";
			};
			name = Debug;
		};
		33FEDEE2258F552700679218 /* Release */ = {
			isa = XCBuildConfiguration;
			baseConfigurationReference = F815BA24782C26D30AF77068 /* Pods-Electrolux.release.xcconfig */;
			buildSettings = {
				ASSETCATALOG_COMPILER_APPICON_NAME = AppIcon;
				ASSETCATALOG_COMPILER_GLOBAL_ACCENT_COLOR_NAME = AccentColor;
				CODE_SIGN_STYLE = Automatic;
				DEVELOPMENT_TEAM = AQL4937GS7;
				INFOPLIST_FILE = Electrolux/Info.plist;
				IPHONEOS_DEPLOYMENT_TARGET = 12.0;
				LD_RUNPATH_SEARCH_PATHS = (
					"$(inherited)",
					"@executable_path/Frameworks",
				);
				PRODUCT_BUNDLE_IDENTIFIER = ru.electrolux.Electrolux;
				PRODUCT_NAME = "$(TARGET_NAME)";
				SWIFT_VERSION = 5.0;
				TARGETED_DEVICE_FAMILY = "1,2";
			};
			name = Release;
		};
/* End XCBuildConfiguration section */

/* Begin XCConfigurationList section */
		33FEDEB1258F552200679218 /* Build configuration list for PBXProject "Electrolux" */ = {
			isa = XCConfigurationList;
			buildConfigurations = (
				33FEDEDE258F552700679218 /* Debug */,
				33FEDEDF258F552700679218 /* Release */,
			);
			defaultConfigurationIsVisible = 0;
			defaultConfigurationName = Release;
		};
		33FEDEE0258F552700679218 /* Build configuration list for PBXNativeTarget "Electrolux" */ = {
			isa = XCConfigurationList;
			buildConfigurations = (
				33FEDEE1258F552700679218 /* Debug */,
				33FEDEE2258F552700679218 /* Release */,
			);
			defaultConfigurationIsVisible = 0;
			defaultConfigurationName = Release;
		};
/* End XCConfigurationList section */
	};
	rootObject = 33FEDEAE258F552200679218 /* Project object */;
}
